
Microsoft Visual Studio Solution File, Format Version 12.00
# Visual Studio Version 16
VisualStudioVersion = 16.0.31402.337
MinimumVisualStudioVersion = 10.0.40219.1
Project("{8BC9CEB8-8B4A-11D0-8D11-00A0C91BC942}") = "Quick_Sort", "Quick_Sort.vcxproj", "{FF78207E-3F8B-47C3-AA3F-5437239DEF0C}"
EndProject
Global
	GlobalSection(SolutionConfigurationPlatforms) = preSolution
		Debug|x64 = Debug|x64
		Debug|x86 = Debug|x86
		Release|x64 = Release|x64
		Release|x86 = Release|x86
	EndGlobalSection
	GlobalSection(ProjectConfigurationPlatforms) = postSolution
		{FF78207E-3F8B-47C3-AA3F-5437239DEF0C}.Debug|x64.ActiveCfg = Debug|x64
		{FF78207E-3F8B-47C3-AA3F-5437239DEF0C}.Debug|x64.Build.0 = Debug|x64
		{FF78207E-3F8B-47C3-AA3F-5437239DEF0C}.Debug|x86.ActiveCfg = Debug|Win32
		{FF78207E-3F8B-47C3-AA3F-5437239DEF0C}.Debug|x86.Build.0 = Debug|Win32
		{FF78207E-3F8B-47C3-AA3F-5437239DEF0C}.Release|x64.ActiveCfg = Release|x64
		{FF78207E-3F8B-47C3-AA3F-5437239DEF0C}.Release|x64.Build.0 = Release|x64
		{FF78207E-3F8B-47C3-AA3F-5437239DEF0C}.Release|x86.ActiveCfg = Release|Win32
		{FF78207E-3F8B-47C3-AA3F-5437239DEF0C}.Release|x86.Build.0 = Release|Win32
	EndGlobalSection
	GlobalSection(SolutionProperties) = preSolution
		HideSolutionNode = FALSE
	EndGlobalSection
	GlobalSection(ExtensibilityGlobals) = postSolution
		SolutionGuid = {82ED9631-61C6-46BA-880F-3C22D3952A41}
	EndGlobalSection
EndGlobal
